# THIS IS AN AUTOGENERATED FILE. DO NOT EDIT THIS FILE DIRECTLY.
# yarn lockfile v1


twitter-api-v2@^1.13.0:
  version "1.13.0"
  resolved "https://registry.yarnpkg.com/twitter-api-v2/-/twitter-api-v2-1.13.0.tgz#55147d1376c97dfcb6a796b78c9899be01fcfa05"
  integrity sha512-vtR4lwHbaG5Ep91wj9N+ZOYpJMIj+J6N2ESmyYtoBIZC+T2lQjrHAkwLRqKgEt01N+Ro/zHxpQp++QpWeCfn2A==
